
Microsoft Visual Studio Solution File, Format Version 12.00
# Visual Studio Version 17
VisualStudioVersion = 17.11.35327.3
MinimumVisualStudioVersion = 10.0.40219.1
Project("{FAE04EC0-301F-11D3-BF4B-00C04F79EFBC}") = "Morse_CourseProject_Part1", "Morse_CourseProject_Part1.csproj", "{B6E86BFD-10A7-4859-9681-F7D6F56F8573}"
EndProject
Global
	GlobalSection(SolutionConfigurationPlatforms) = preSolution
		Debug|Any CPU = Debug|Any CPU
		Release|Any CPU = Release|Any CPU
	EndGlobalSection
	GlobalSection(ProjectConfigurationPlatforms) = postSolution
		{B6E86BFD-10A7-4859-9681-F7D6F56F8573}.Debug|Any CPU.ActiveCfg = Debug|Any CPU
		{B6E86BFD-10A7-4859-9681-F7D6F56F8573}.Debug|Any CPU.Build.0 = Debug|Any CPU
		{B6E86BFD-10A7-4859-9681-F7D6F56F8573}.Release|Any CPU.ActiveCfg = Release|Any CPU
		{B6E86BFD-10A7-4859-9681-F7D6F56F8573}.Release|Any CPU.Build.0 = Release|Any CPU
	EndGlobalSection
	GlobalSection(SolutionProperties) = preSolution
		HideSolutionNode = FALSE
	EndGlobalSection
	GlobalSection(ExtensibilityGlobals) = postSolution
		SolutionGuid = {E789BCD8-580A-4865-B154-586366B47269}
	EndGlobalSection
EndGlobal
